
Microsoft Visual Studio Solution File, Format Version 12.00
# Visual Studio Version 17
VisualStudioVersion = 17.3.32804.467
MinimumVisualStudioVersion = 10.0.40219.1
Project("{888888A0-9F3D-457C-B088-3A5042F75D52}") = "HW1", "HW1\HW1.pyproj", "{DE48F15A-C5C2-40F2-A3AE-4D4B2BE937C5}"
EndProject
Global
	GlobalSection(SolutionConfigurationPlatforms) = preSolution
		Debug|Any CPU = Debug|Any CPU
		Release|Any CPU = Release|Any CPU
	EndGlobalSection
	GlobalSection(ProjectConfigurationPlatforms) = postSolution
		{DE48F15A-C5C2-40F2-A3AE-4D4B2BE937C5}.Debug|Any CPU.ActiveCfg = Debug|Any CPU
		{DE48F15A-C5C2-40F2-A3AE-4D4B2BE937C5}.Release|Any CPU.ActiveCfg = Release|Any CPU
	EndGlobalSection
	GlobalSection(SolutionProperties) = preSolution
		HideSolutionNode = FALSE
	EndGlobalSection
	GlobalSection(ExtensibilityGlobals) = postSolution
		SolutionGuid = {AF86D8FF-7909-48F3-8B6A-CD7C8BF041D4}
	EndGlobalSection
EndGlobal
